
Microsoft Visual Studio Solution File, Format Version 12.00
# Visual Studio Version 17
VisualStudioVersion = 17.9.34701.34
MinimumVisualStudioVersion = 10.0.40219.1
Project("{FAE04EC0-301F-11D3-BF4B-00C04F79EFBC}") = "http", "http\http.csproj", "{5171F084-CF3E-4B82-AE5A-23C0627C8FC7}"
EndProject
Global
	GlobalSection(SolutionConfigurationPlatforms) = preSolution
		Debug|Any CPU = Debug|Any CPU
		Release|Any CPU = Release|Any CPU
	EndGlobalSection
	GlobalSection(ProjectConfigurationPlatforms) = postSolution
		{5171F084-CF3E-4B82-AE5A-23C0627C8FC7}.Debug|Any CPU.ActiveCfg = Debug|Any CPU
		{5171F084-CF3E-4B82-AE5A-23C0627C8FC7}.Debug|Any CPU.Build.0 = Debug|Any CPU
		{5171F084-CF3E-4B82-AE5A-23C0627C8FC7}.Release|Any CPU.ActiveCfg = Release|Any CPU
		{5171F084-CF3E-4B82-AE5A-23C0627C8FC7}.Release|Any CPU.Build.0 = Release|Any CPU
	EndGlobalSection
	GlobalSection(SolutionProperties) = preSolution
		HideSolutionNode = FALSE
	EndGlobalSection
	GlobalSection(ExtensibilityGlobals) = postSolution
		SolutionGuid = {45F348CB-C785-4105-B09E-00D45A2265B1}
	EndGlobalSection
EndGlobal
